
Microsoft Visual Studio Solution File, Format Version 12.00
# Visual Studio Version 16
VisualStudioVersion = 16.0.30413.136
MinimumVisualStudioVersion = 10.0.40219.1
Project("{FAE04EC0-301F-11D3-BF4B-00C04F79EFBC}") = "Proyecto WPF (I)", "Proyecto WPF (I)\Proyecto WPF (I).csproj", "{4924E749-956C-4F1D-A97B-D1D2CB40177A}"
EndProject
Global
	GlobalSection(SolutionConfigurationPlatforms) = preSolution
		Debug|Any CPU = Debug|Any CPU
		Release|Any CPU = Release|Any CPU
	EndGlobalSection
	GlobalSection(ProjectConfigurationPlatforms) = postSolution
		{4924E749-956C-4F1D-A97B-D1D2CB40177A}.Debug|Any CPU.ActiveCfg = Debug|Any CPU
		{4924E749-956C-4F1D-A97B-D1D2CB40177A}.Debug|Any CPU.Build.0 = Debug|Any CPU
		{4924E749-956C-4F1D-A97B-D1D2CB40177A}.Release|Any CPU.ActiveCfg = Release|Any CPU
		{4924E749-956C-4F1D-A97B-D1D2CB40177A}.Release|Any CPU.Build.0 = Release|Any CPU
	EndGlobalSection
	GlobalSection(SolutionProperties) = preSolution
		HideSolutionNode = FALSE
	EndGlobalSection
	GlobalSection(ExtensibilityGlobals) = postSolution
		SolutionGuid = {5DCFD8FF-4A05-4AE7-B6DB-552F564595C9}
	EndGlobalSection
EndGlobal
